Microsoft Visual Studio Solution File, Format Version 9.00
# Visual Studio 2005
Project("{8BC9CEB8-8B4A-11D0-8D11-00A0C91BC942}") = "Font", "Font.vcproj", "{614F1E3E-FBF8-4363-8854-1E8B489E7A75}"
EndProject
Global
	GlobalSection(SolutionConfigurationPlatforms) = preSolution
		Debug|Win32 = Debug|Win32
		Release|Win32 = Release|Win32
	EndGlobalSection
	GlobalSection(ProjectConfigurationPlatforms) = postSolution
		{614F1E3E-FBF8-4363-8854-1E8B489E7A75}.Debug|Win32.ActiveCfg = Debug|Win32
		{614F1E3E-FBF8-4363-8854-1E8B489E7A75}.Debug|Win32.Build.0 = Debug|Win32
		{614F1E3E-FBF8-4363-8854-1E8B489E7A75}.Release|Win32.ActiveCfg = Release|Win32
		{614F1E3E-FBF8-4363-8854-1E8B489E7A75}.Release|Win32.Build.0 = Release|Win32
	EndGlobalSection
	GlobalSection(SolutionProperties) = preSolution
		HideSolutionNode = FALSE
	EndGlobalSection
EndGlobal
