
Microsoft Visual Studio Solution File, Format Version 12.00
# Visual Studio 15
VisualStudioVersion = 15.0.28307.2017
MinimumVisualStudioVersion = 10.0.40219.1
Project("{8BC9CEB8-8B4A-11D0-8D11-00A0C91BC942}") = "Hanoi", "Hanoi.vcxproj", "{D5001E6C-B705-4225-B251-82A4A465C66C}"
EndProject
Global
	GlobalSection(SolutionConfigurationPlatforms) = preSolution
		Debug|x86 = Debug|x86
		Release|x86 = Release|x86
	EndGlobalSection
	GlobalSection(ProjectConfigurationPlatforms) = postSolution
		{D5001E6C-B705-4225-B251-82A4A465C66C}.Debug|x86.ActiveCfg = Debug|Win32
		{D5001E6C-B705-4225-B251-82A4A465C66C}.Debug|x86.Build.0 = Debug|Win32
		{D5001E6C-B705-4225-B251-82A4A465C66C}.Release|x86.ActiveCfg = Release|Win32
		{D5001E6C-B705-4225-B251-82A4A465C66C}.Release|x86.Build.0 = Release|Win32
	EndGlobalSection
	GlobalSection(SolutionProperties) = preSolution
		HideSolutionNode = FALSE
	EndGlobalSection
	GlobalSection(ExtensibilityGlobals) = postSolution
		SolutionGuid = {829C8585-FFE2-49BC-94B9-8B3944C8298F}
	EndGlobalSection
EndGlobal
