<?xml version="1.0" encoding="utf-8"?>
<Project ToolsVersion="4.0" xmlns="http://schemas.microsoft.com/developer/msbuild/2003">
  <ItemGroup>
    <Filter Include="Source Files">
      <UniqueIdentifier>{9f420421-9f1c-453c-b695-e8e779d827d1}</UniqueIdentifier>
      <Extensions>cpp;c;cxx;rc;def;r;odl;idl;hpj;bat</Extensions>
    </Filter>
    <Filter Include="Header Files">
      <UniqueIdentifier>{cbaa0caa-9977-483c-98fd-7dcb558b2755}</UniqueIdentifier>
      <Extensions>h;hpp;hxx;hm;inl</Extensions>
    </Filter>
    <Filter Include="Resource Files">
      <UniqueIdentifier>{358b7cd9-e35e-4c86-ba68-8eb29297e690}</UniqueIdentifier>
      <Extensions>ico;cur;bmp;dlg;rc2;rct;bin;rgs;gif;jpg;jpeg;jpe</Extensions>
    </Filter>
  </ItemGroup>
  <ItemGroup>
    <ClCompile Include="3D0214.cpp">
      <Filter>Source Files</Filter>
    </ClCompile>
    <ClCompile Include="3D0214Doc.cpp">
      <Filter>Source Files</Filter>
    </ClCompile>
    <ClCompile Include="3D0214View.cpp">
      <Filter>Source Files</Filter>
    </ClCompile>
    <ClCompile Include="src\ColorListBox.CPP">
      <Filter>Source Files</Filter>
    </ClCompile>
    <ClCompile Include="src\ColorPicker.cpp">
      <Filter>Source Files</Filter>
    </ClCompile>
    <ClCompile Include="src\CoolTabCtrl.cpp">
      <Filter>Source Files</Filter>
    </ClCompile>
    <ClCompile Include="DlgBaseHeight.cpp">
      <Filter>Source Files</Filter>
    </ClCompile>
    <ClCompile Include="DlgClassBreakRenderer.cpp">
      <Filter>Source Files</Filter>
    </ClCompile>
    <ClCompile Include="DlgCreateContour.cpp">
      <Filter>Source Files</Filter>
    </ClCompile>
    <ClCompile Include="DlgCreateRasterIDW.cpp">
      <Filter>Source Files</Filter>
    </ClCompile>
    <ClCompile Include="DlgCreateTINfromFeature.cpp">
      <Filter>Source Files</Filter>
    </ClCompile>
    <ClCompile Include="DlgInfoQuery.cpp">
      <Filter>Source Files</Filter>
    </ClCompile>
    <ClCompile Include="DlgProfileGraph.cpp">
      <Filter>Source Files</Filter>
    </ClCompile>
    <ClCompile Include="DlgSetScene.cpp">
      <Filter>Source Files</Filter>
    </ClCompile>
    <ClCompile Include="DlgSlope.cpp">
      <Filter>Source Files</Filter>
    </ClCompile>
    <ClCompile Include="DlgViewshed.cpp">
      <Filter>Source Files</Filter>
    </ClCompile>
    <ClCompile Include="MainFrm.cpp">
      <Filter>Source Files</Filter>
    </ClCompile>
    <ClCompile Include="picture.cpp">
      <Filter>Source Files</Filter>
    </ClCompile>
    <ClCompile Include="src\scbarg.cpp">
      <Filter>Source Files</Filter>
    </ClCompile>
    <ClCompile Include="scenecontroldefault.cpp">
      <Filter>Source Files</Filter>
    </ClCompile>
    <ClCompile Include="src\sizecbar.cpp">
      <Filter>Source Files</Filter>
    </ClCompile>
    <ClCompile Include="Splash.cpp">
      <Filter>Source Files</Filter>
    </ClCompile>
    <ClCompile Include="StdAfx.cpp">
      <Filter>Source Files</Filter>
    </ClCompile>
    <ClCompile Include="toccontroldefault.cpp">
      <Filter>Source Files</Filter>
    </ClCompile>
    <ClCompile Include="TocDlg.cpp">
      <Filter>Source Files</Filter>
    </ClCompile>
    <ClCompile Include="toolbarcontroldefault.cpp">
      <Filter>Source Files</Filter>
    </ClCompile>
    <ClCompile Include="WZDBTMAP.CPP">
      <Filter>Source Files</Filter>
    </ClCompile>
  </ItemGroup>
  <ItemGroup>
    <ResourceCompile Include="3D0214.rc">
      <Filter>Source Files</Filter>
    </ResourceCompile>
  </ItemGroup>
  <ItemGroup>
    <ClInclude Include="3D0214.h">
      <Filter>Header Files</Filter>
    </ClInclude>
    <ClInclude Include="3D0214Doc.h">
      <Filter>Header Files</Filter>
    </ClInclude>
    <ClInclude Include="3D0214View.h">
      <Filter>Header Files</Filter>
    </ClInclude>
    <ClInclude Include="src\ColorListBox.H">
      <Filter>Header Files</Filter>
    </ClInclude>
    <ClInclude Include="src\ColorPicker.h">
      <Filter>Header Files</Filter>
    </ClInclude>
    <ClInclude Include="src\CoolTabCtrl.h">
      <Filter>Header Files</Filter>
    </ClInclude>
    <ClInclude Include="DlgBaseHeight.h">
      <Filter>Header Files</Filter>
    </ClInclude>
    <ClInclude Include="DlgClassBreakRenderer.h">
      <Filter>Header Files</Filter>
    </ClInclude>
    <ClInclude Include="DlgCreateContour.h">
      <Filter>Header Files</Filter>
    </ClInclude>
    <ClInclude Include="DlgCreateRasterIDW.h">
      <Filter>Header Files</Filter>
    </ClInclude>
    <ClInclude Include="DlgCreateTINfromFeature.h">
      <Filter>Header Files</Filter>
    </ClInclude>
    <ClInclude Include="DlgInfoQuery.h">
      <Filter>Header Files</Filter>
    </ClInclude>
    <ClInclude Include="DlgProfileGraph.h">
      <Filter>Header Files</Filter>
    </ClInclude>
    <ClInclude Include="DlgSetScene.h">
      <Filter>Header Files</Filter>
    </ClInclude>
    <ClInclude Include="DlgSlope.h">
      <Filter>Header Files</Filter>
    </ClInclude>
    <ClInclude Include="DlgViewshed.h">
      <Filter>Header Files</Filter>
    </ClInclude>
    <ClInclude Include="MainFrm.h">
      <Filter>Header Files</Filter>
    </ClInclude>
    <ClInclude Include="picture.h">
      <Filter>Header Files</Filter>
    </ClInclude>
    <ClInclude Include="Resource.h">
      <Filter>Header Files</Filter>
    </ClInclude>
    <ClInclude Include="src\scbarg.h">
      <Filter>Header Files</Filter>
    </ClInclude>
    <ClInclude Include="scenecontroldefault.h">
      <Filter>Header Files</Filter>
    </ClInclude>
    <ClInclude Include="src\sizecbar.h">
      <Filter>Header Files</Filter>
    </ClInclude>
    <ClInclude Include="Splash.h">
      <Filter>Header Files</Filter>
    </ClInclude>
    <ClInclude Include="StdAfx.h">
      <Filter>Header Files</Filter>
    </ClInclude>
    <ClInclude Include="toccontroldefault.h">
      <Filter>Header Files</Filter>
    </ClInclude>
    <ClInclude Include="TocDlg.h">
      <Filter>Header Files</Filter>
    </ClInclude>
    <ClInclude Include="toolbarcontroldefault.h">
      <Filter>Header Files</Filter>
    </ClInclude>
    <ClInclude Include="WZDBTMAP.H">
      <Filter>Header Files</Filter>
    </ClInclude>
  </ItemGroup>
  <ItemGroup>
    <Image Include="res\3D0214.ico">
      <Filter>Resource Files</Filter>
    </Image>
    <Image Include="res\3D0214Doc.ico">
      <Filter>Resource Files</Filter>
    </Image>
    <Image Include="ArcScene.bmp">
      <Filter>Resource Files</Filter>
    </Image>
    <Image Include="QiDong.bmp">
      <Filter>Resource Files</Filter>
    </Image>
    <Image Include="res\Toolbar.bmp">
      <Filter>Resource Files</Filter>
    </Image>
    <Image Include="res\toolbar1.bmp">
      <Filter>Resource Files</Filter>
    </Image>
  </ItemGroup>
  <ItemGroup>
    <Text Include="ReadMe.txt" />
  </ItemGroup>
  <ItemGroup>
    <CustomBuild Include="res\3D0214.rc2">
      <Filter>Resource Files</Filter>
    </CustomBuild>
  </ItemGroup>
</Project>