Microsoft Visual Studio Solution File, Format Version 9.00
# Visual Studio 2005
Project("{8BC9CEB8-8B4A-11D0-8D11-00A0C91BC942}") = "BoneAnimation", "BoneAnimation.vcproj", "{D2CBE1EE-E29C-4B6A-B1B6-ECA73B4B8F59}"
EndProject
Global
	GlobalSection(SolutionConfigurationPlatforms) = preSolution
		Debug|Win32 = Debug|Win32
		Release|Win32 = Release|Win32
	EndGlobalSection
	GlobalSection(ProjectConfigurationPlatforms) = postSolution
		{D2CBE1EE-E29C-4B6A-B1B6-ECA73B4B8F59}.Debug|Win32.ActiveCfg = Debug|Win32
		{D2CBE1EE-E29C-4B6A-B1B6-ECA73B4B8F59}.Debug|Win32.Build.0 = Debug|Win32
		{D2CBE1EE-E29C-4B6A-B1B6-ECA73B4B8F59}.Release|Win32.ActiveCfg = Release|Win32
		{D2CBE1EE-E29C-4B6A-B1B6-ECA73B4B8F59}.Release|Win32.Build.0 = Release|Win32
	EndGlobalSection
	GlobalSection(SolutionProperties) = preSolution
		HideSolutionNode = FALSE
	EndGlobalSection
EndGlobal
