
Microsoft Visual Studio Solution File, Format Version 12.00
# Visual Studio 15
VisualStudioVersion = 15.0.28307.2017
MinimumVisualStudioVersion = 10.0.40219.1
Project("{8BC9CEB8-8B4A-11D0-8D11-00A0C91BC942}") = "MultiView", "MultiView.vcxproj", "{4458FA62-F410-47FF-A0C3-1F4910543B4B}"
EndProject
Global
	GlobalSection(SolutionConfigurationPlatforms) = preSolution
		Debug|x86 = Debug|x86
		Release|x86 = Release|x86
	EndGlobalSection
	GlobalSection(ProjectConfigurationPlatforms) = postSolution
		{4458FA62-F410-47FF-A0C3-1F4910543B4B}.Debug|x86.ActiveCfg = Debug|Win32
		{4458FA62-F410-47FF-A0C3-1F4910543B4B}.Debug|x86.Build.0 = Debug|Win32
		{4458FA62-F410-47FF-A0C3-1F4910543B4B}.Release|x86.ActiveCfg = Release|Win32
		{4458FA62-F410-47FF-A0C3-1F4910543B4B}.Release|x86.Build.0 = Release|Win32
	EndGlobalSection
	GlobalSection(SolutionProperties) = preSolution
		HideSolutionNode = FALSE
	EndGlobalSection
	GlobalSection(ExtensibilityGlobals) = postSolution
		SolutionGuid = {0A42E302-F183-4A42-B1BC-736D9376F41C}
	EndGlobalSection
EndGlobal
